
Microsoft Visual Studio Solution File, Format Version 12.00
# Visual Studio 15
VisualStudioVersion = 15.0.28307.757
MinimumVisualStudioVersion = 10.0.40219.1
Project("{FAE04EC0-301F-11D3-BF4B-00C04F79EFBC}") = "P2PChatApplication.App", "P2PChatApplication.App\P2PChatApplication.App.csproj", "{88E46645-DED6-4443-93EB-3F6A2706C6D1}"
EndProject
Global
	GlobalSection(SolutionConfigurationPlatforms) = preSolution
		Debug|Any CPU = Debug|Any CPU
		Release|Any CPU = Release|Any CPU
	EndGlobalSection
	GlobalSection(ProjectConfigurationPlatforms) = postSolution
		{88E46645-DED6-4443-93EB-3F6A2706C6D1}.Debug|Any CPU.ActiveCfg = Debug|Any CPU
		{88E46645-DED6-4443-93EB-3F6A2706C6D1}.Debug|Any CPU.Build.0 = Debug|Any CPU
		{88E46645-DED6-4443-93EB-3F6A2706C6D1}.Release|Any CPU.ActiveCfg = Release|Any CPU
		{88E46645-DED6-4443-93EB-3F6A2706C6D1}.Release|Any CPU.Build.0 = Release|Any CPU
	EndGlobalSection
	GlobalSection(SolutionProperties) = preSolution
		HideSolutionNode = FALSE
	EndGlobalSection
	GlobalSection(ExtensibilityGlobals) = postSolution
		SolutionGuid = {6DD60667-1863-47B5-A425-99954416B064}
	EndGlobalSection
EndGlobal
